
Microsoft Visual Studio Solution File, Format Version 12.00
# Visual Studio Version 17
VisualStudioVersion = 17.0.0.0
MinimumVisualStudioVersion = 10.0.40219.1
Project("{FAE04EC0-301F-11D3-BF4B-00C04F79EFBC}") = "CommunicationDebuggingTools.Core", "CommunicationDebuggingTools.Core\CommunicationDebuggingTools.Core.csproj", "{80A3D4A2-C795-4DC6-9A2C-A13397241885}"
EndProject
Project("{FAE04EC0-301F-11D3-BF4B-00C04F79EFBC}") = "CommunicationDebuggingTools.Business", "CommunicationDebuggingTools.Business\CommunicationDebuggingTools.Business.csproj", "{B8D745D0-2789-4CE3-BBD3-45EFDFE9CBBF}"
EndProject
Project("{FAE04EC0-301F-11D3-BF4B-00C04F79EFBC}") = "CommunicationDebuggingTools.Contracts", "CommunicationDebuggingTools.Contracts\CommunicationDebuggingTools.Contracts.csproj", "{7DFD4BE3-329D-44AD-A9D7-59119AACB79D}"
EndProject
Project("{FAE04EC0-301F-11D3-BF4B-00C04F79EFBC}") = "CommunicationDebuggingTools.Client", "CommunicationDebuggingTools.Client\CommunicationDebuggingTools.Client.csproj", "{B4889BB3-C5B2-40DE-B746-431E24A99908}"
EndProject
Project("{FAE04EC0-301F-11D3-BF4B-00C04F79EFBC}") = "Plugin.ModbusTcp", "Plugin.ModbusTcp\Plugin.ModbusTcp.csproj", "{BA21F510-A243-40F0-A52F-4919278C9A3F}"
EndProject
Project("{FAE04EC0-301F-11D3-BF4B-00C04F79EFBC}") = "Plugin.Panasonic", "Plugin.Panasonic\Plugin.Panasonic.csproj", "{EF746E8D-6148-41AB-94AE-6EF601467D47}"
EndProject
Project("{FAE04EC0-301F-11D3-BF4B-00C04F79EFBC}") = "Plugin.SiemensS7", "Plugin.SiemensS7\Plugin.SiemensS7.csproj", "{8A6CD834-9868-4142-BDBD-CF9E6B416F04}"
EndProject
Project("{FAE04EC0-301F-11D3-BF4B-00C04F79EFBC}") = "CommunicationDebuggingTools.EngineHost", "CommunicationDebuggingTools.EngineHost\CommunicationDebuggingTools.EngineHost.csproj", "{E9FE12AD-FD25-428F-BA97-78ECAC8464BB}"
EndProject
Project("{FAE04EC0-301F-11D3-BF4B-00C04F79EFBC}") = "CommunicationDebuggingTools.WebUI", "CommunicationDebuggingTools.WebUI\CommunicationDebuggingTools.WebUI.csproj", "{58E3CCF0-5A55-459D-9F0E-399F07B2EA1F}"
EndProject
Project("{FAE04EC0-301F-11D3-BF4B-00C04F79EFBC}") = "CommunicationDebuggingTools", "CommunicationDebuggingTools\CommunicationDebuggingTools.csproj", "{61200B47-BC1D-4D0B-8C02-FF1AF23A0A4E}"
EndProject
Project("{FAE04EC0-301F-11D3-BF4B-00C04F79EFBC}") = "CommunicationDebuggingTools.Tests", "CommunicationDebuggingTools.Tests\CommunicationDebuggingTools.Tests.csproj", "{96E0DA3C-84F5-491F-BA7A-8A5D904525DB}"
EndProject
Project("{FAE04EC0-301F-11D3-BF4B-00C04F79EFBC}") = "Simulator MEWTOCOL Slave", "Simulator MEWTOCOL Slave\Simulator MEWTOCOL Slave.csproj", "{8D22210D-534A-467A-8BBB-C2F7699A9390}"
EndProject
Project("{FAE04EC0-301F-11D3-BF4B-00C04F79EFBC}") = "Simulator SiemensS7 Slabe", "Simulator SiemensS7 Slabe\Simulator SiemensS7 Slabe.csproj", "{956155D5-9B3E-4347-95D5-67BEA35EC073}"
EndProject
Project("{FAE04EC0-301F-11D3-BF4B-00C04F79EFBC}") = "CommunicationDebuggingTools.Application", "CommunicationDebuggingTools.Application\CommunicationDebuggingTools.Application.csproj", "{36C4FE8C-ED07-464C-933D-B64B8F32634B}"
EndProject
Global
	GlobalSection(SolutionConfigurationPlatforms) = preSolution
		Debug|Any CPU = Debug|Any CPU
		Debug|x64 = Debug|x64
		Debug|x86 = Debug|x86
		Release|Any CPU = Release|Any CPU
		Release|x64 = Release|x64
		Release|x86 = Release|x86
	EndGlobalSection
	GlobalSection(ProjectConfigurationPlatforms) = postSolution
		{80A3D4A2-C795-4DC6-9A2C-A13397241885}.Debug|Any CPU.ActiveCfg = Debug|Any CPU
		{80A3D4A2-C795-4DC6-9A2C-A13397241885}.Debug|Any CPU.Build.0 = Debug|Any CPU
		{80A3D4A2-C795-4DC6-9A2C-A13397241885}.Debug|x64.ActiveCfg = Debug|Any CPU
		{80A3D4A2-C795-4DC6-9A2C-A13397241885}.Debug|x64.Build.0 = Debug|Any CPU
		{80A3D4A2-C795-4DC6-9A2C-A13397241885}.Debug|x86.ActiveCfg = Debug|Any CPU
		{80A3D4A2-C795-4DC6-9A2C-A13397241885}.Debug|x86.Build.0 = Debug|Any CPU
		{80A3D4A2-C795-4DC6-9A2C-A13397241885}.Release|Any CPU.ActiveCfg = Release|Any CPU
		{80A3D4A2-C795-4DC6-9A2C-A13397241885}.Release|Any CPU.Build.0 = Release|Any CPU
		{80A3D4A2-C795-4DC6-9A2C-A13397241885}.Release|x64.ActiveCfg = Release|Any CPU
		{80A3D4A2-C795-4DC6-9A2C-A13397241885}.Release|x64.Build.0 = Release|Any CPU
		{80A3D4A2-C795-4DC6-9A2C-A13397241885}.Release|x86.ActiveCfg = Release|Any CPU
		{80A3D4A2-C795-4DC6-9A2C-A13397241885}.Release|x86.Build.0 = Release|Any CPU
		{B8D745D0-2789-4CE3-BBD3-45EFDFE9CBBF}.Debug|Any CPU.ActiveCfg = Debug|Any CPU
		{B8D745D0-2789-4CE3-BBD3-45EFDFE9CBBF}.Debug|Any CPU.Build.0 = Debug|Any CPU
		{B8D745D0-2789-4CE3-BBD3-45EFDFE9CBBF}.Debug|x64.ActiveCfg = Debug|Any CPU
		{B8D745D0-2789-4CE3-BBD3-45EFDFE9CBBF}.Debug|x64.Build.0 = Debug|Any CPU
		{B8D745D0-2789-4CE3-BBD3-45EFDFE9CBBF}.Debug|x86.ActiveCfg = Debug|Any CPU
		{B8D745D0-2789-4CE3-BBD3-45EFDFE9CBBF}.Debug|x86.Build.0 = Debug|Any CPU
		{B8D745D0-2789-4CE3-BBD3-45EFDFE9CBBF}.Release|Any CPU.ActiveCfg = Release|Any CPU
		{B8D745D0-2789-4CE3-BBD3-45EFDFE9CBBF}.Release|Any CPU.Build.0 = Release|Any CPU
		{B8D745D0-2789-4CE3-BBD3-45EFDFE9CBBF}.Release|x64.ActiveCfg = Release|Any CPU
		{B8D745D0-2789-4CE3-BBD3-45EFDFE9CBBF}.Release|x64.Build.0 = Release|Any CPU
		{B8D745D0-2789-4CE3-BBD3-45EFDFE9CBBF}.Release|x86.ActiveCfg = Release|Any CPU
		{B8D745D0-2789-4CE3-BBD3-45EFDFE9CBBF}.Release|x86.Build.0 = Release|Any CPU
		{7DFD4BE3-329D-44AD-A9D7-59119AACB79D}.Debug|Any CPU.ActiveCfg = Debug|Any CPU
		{7DFD4BE3-329D-44AD-A9D7-59119AACB79D}.Debug|Any CPU.Build.0 = Debug|Any CPU
		{7DFD4BE3-329D-44AD-A9D7-59119AACB79D}.Debug|x64.ActiveCfg = Debug|Any CPU
		{7DFD4BE3-329D-44AD-A9D7-59119AACB79D}.Debug|x64.Build.0 = Debug|Any CPU
		{7DFD4BE3-329D-44AD-A9D7-59119AACB79D}.Debug|x86.ActiveCfg = Debug|Any CPU
		{7DFD4BE3-329D-44AD-A9D7-59119AACB79D}.Debug|x86.Build.0 = Debug|Any CPU
		{7DFD4BE3-329D-44AD-A9D7-59119AACB79D}.Release|Any CPU.ActiveCfg = Release|Any CPU
		{7DFD4BE3-329D-44AD-A9D7-59119AACB79D}.Release|Any CPU.Build.0 = Release|Any CPU
		{7DFD4BE3-329D-44AD-A9D7-59119AACB79D}.Release|x64.ActiveCfg = Release|Any CPU
		{7DFD4BE3-329D-44AD-A9D7-59119AACB79D}.Release|x64.Build.0 = Release|Any CPU
		{7DFD4BE3-329D-44AD-A9D7-59119AACB79D}.Release|x86.ActiveCfg = Release|Any CPU
		{7DFD4BE3-329D-44AD-A9D7-59119AACB79D}.Release|x86.Build.0 = Release|Any CPU
		{B4889BB3-C5B2-40DE-B746-431E24A99908}.Debug|Any CPU.ActiveCfg = Debug|Any CPU
		{B4889BB3-C5B2-40DE-B746-431E24A99908}.Debug|Any CPU.Build.0 = Debug|Any CPU
		{B4889BB3-C5B2-40DE-B746-431E24A99908}.Debug|x64.ActiveCfg = Debug|Any CPU
		{B4889BB3-C5B2-40DE-B746-431E24A99908}.Debug|x64.Build.0 = Debug|Any CPU
		{B4889BB3-C5B2-40DE-B746-431E24A99908}.Debug|x86.ActiveCfg = Debug|Any CPU
		{B4889BB3-C5B2-40DE-B746-431E24A99908}.Debug|x86.Build.0 = Debug|Any CPU
		{B4889BB3-C5B2-40DE-B746-431E24A99908}.Release|Any CPU.ActiveCfg = Release|Any CPU
		{B4889BB3-C5B2-40DE-B746-431E24A99908}.Release|Any CPU.Build.0 = Release|Any CPU
		{B4889BB3-C5B2-40DE-B746-431E24A99908}.Release|x64.ActiveCfg = Release|Any CPU
		{B4889BB3-C5B2-40DE-B746-431E24A99908}.Release|x64.Build.0 = Release|Any CPU
		{B4889BB3-C5B2-40DE-B746-431E24A99908}.Release|x86.ActiveCfg = Release|Any CPU
		{B4889BB3-C5B2-40DE-B746-431E24A99908}.Release|x86.Build.0 = Release|Any CPU
		{BA21F510-A243-40F0-A52F-4919278C9A3F}.Debug|Any CPU.ActiveCfg = Debug|Any CPU
		{BA21F510-A243-40F0-A52F-4919278C9A3F}.Debug|Any CPU.Build.0 = Debug|Any CPU
		{BA21F510-A243-40F0-A52F-4919278C9A3F}.Debug|x64.ActiveCfg = Debug|Any CPU
		{BA21F510-A243-40F0-A52F-4919278C9A3F}.Debug|x64.Build.0 = Debug|Any CPU
		{BA21F510-A243-40F0-A52F-4919278C9A3F}.Debug|x86.ActiveCfg = Debug|Any CPU
		{BA21F510-A243-40F0-A52F-4919278C9A3F}.Debug|x86.Build.0 = Debug|Any CPU
		{BA21F510-A243-40F0-A52F-4919278C9A3F}.Release|Any CPU.ActiveCfg = Release|Any CPU
		{BA21F510-A243-40F0-A52F-4919278C9A3F}.Release|Any CPU.Build.0 = Release|Any CPU
		{BA21F510-A243-40F0-A52F-4919278C9A3F}.Release|x64.ActiveCfg = Release|Any CPU
		{BA21F510-A243-40F0-A52F-4919278C9A3F}.Release|x64.Build.0 = Release|Any CPU
		{BA21F510-A243-40F0-A52F-4919278C9A3F}.Release|x86.ActiveCfg = Release|Any CPU
		{BA21F510-A243-40F0-A52F-4919278C9A3F}.Release|x86.Build.0 = Release|Any CPU
		{EF746E8D-6148-41AB-94AE-6EF601467D47}.Debug|Any CPU.ActiveCfg = Debug|Any CPU
		{EF746E8D-6148-41AB-94AE-6EF601467D47}.Debug|Any CPU.Build.0 = Debug|Any CPU
		{EF746E8D-6148-41AB-94AE-6EF601467D47}.Debug|x64.ActiveCfg = Debug|Any CPU
		{EF746E8D-6148-41AB-94AE-6EF601467D47}.Debug|x64.Build.0 = Debug|Any CPU
		{EF746E8D-6148-41AB-94AE-6EF601467D47}.Debug|x86.ActiveCfg = Debug|Any CPU
		{EF746E8D-6148-41AB-94AE-6EF601467D47}.Debug|x86.Build.0 = Debug|Any CPU
		{EF746E8D-6148-41AB-94AE-6EF601467D47}.Release|Any CPU.ActiveCfg = Release|Any CPU
		{EF746E8D-6148-41AB-94AE-6EF601467D47}.Release|Any CPU.Build.0 = Release|Any CPU
		{EF746E8D-6148-41AB-94AE-6EF601467D47}.Release|x64.ActiveCfg = Release|Any CPU
		{EF746E8D-6148-41AB-94AE-6EF601467D47}.Release|x64.Build.0 = Release|Any CPU
		{EF746E8D-6148-41AB-94AE-6EF601467D47}.Release|x86.ActiveCfg = Release|Any CPU
		{EF746E8D-6148-41AB-94AE-6EF601467D47}.Release|x86.Build.0 = Release|Any CPU
		{8A6CD834-9868-4142-BDBD-CF9E6B416F04}.Debug|Any CPU.ActiveCfg = Debug|Any CPU
		{8A6CD834-9868-4142-BDBD-CF9E6B416F04}.Debug|Any CPU.Build.0 = Debug|Any CPU
		{8A6CD834-9868-4142-BDBD-CF9E6B416F04}.Debug|x64.ActiveCfg = Debug|Any CPU
		{8A6CD834-9868-4142-BDBD-CF9E6B416F04}.Debug|x64.Build.0 = Debug|Any CPU
		{8A6CD834-9868-4142-BDBD-CF9E6B416F04}.Debug|x86.ActiveCfg = Debug|Any CPU
		{8A6CD834-9868-4142-BDBD-CF9E6B416F04}.Debug|x86.Build.0 = Debug|Any CPU
		{8A6CD834-9868-4142-BDBD-CF9E6B416F04}.Release|Any CPU.ActiveCfg = Release|Any CPU
		{8A6CD834-9868-4142-BDBD-CF9E6B416F04}.Release|Any CPU.Build.0 = Release|Any CPU
		{8A6CD834-9868-4142-BDBD-CF9E6B416F04}.Release|x64.ActiveCfg = Release|Any CPU
		{8A6CD834-9868-4142-BDBD-CF9E6B416F04}.Release|x64.Build.0 = Release|Any CPU
		{8A6CD834-9868-4142-BDBD-CF9E6B416F04}.Release|x86.ActiveCfg = Release|Any CPU
		{8A6CD834-9868-4142-BDBD-CF9E6B416F04}.Release|x86.Build.0 = Release|Any CPU
		{E9FE12AD-FD25-428F-BA97-78ECAC8464BB}.Debug|Any CPU.ActiveCfg = Debug|Any CPU
		{E9FE12AD-FD25-428F-BA97-78ECAC8464BB}.Debug|Any CPU.Build.0 = Debug|Any CPU
		{E9FE12AD-FD25-428F-BA97-78ECAC8464BB}.Debug|x64.ActiveCfg = Debug|Any CPU
		{E9FE12AD-FD25-428F-BA97-78ECAC8464BB}.Debug|x64.Build.0 = Debug|Any CPU
		{E9FE12AD-FD25-428F-BA97-78ECAC8464BB}.Debug|x86.ActiveCfg = Debug|Any CPU
		{E9FE12AD-FD25-428F-BA97-78ECAC8464BB}.Debug|x86.Build.0 = Debug|Any CPU
		{E9FE12AD-FD25-428F-BA97-78ECAC8464BB}.Release|Any CPU.ActiveCfg = Release|Any CPU
		{E9FE12AD-FD25-428F-BA97-78ECAC8464BB}.Release|Any CPU.Build.0 = Release|Any CPU
		{E9FE12AD-FD25-428F-BA97-78ECAC8464BB}.Release|x64.ActiveCfg = Release|Any CPU
		{E9FE12AD-FD25-428F-BA97-78ECAC8464BB}.Release|x64.Build.0 = Release|Any CPU
		{E9FE12AD-FD25-428F-BA97-78ECAC8464BB}.Release|x86.ActiveCfg = Release|Any CPU
		{E9FE12AD-FD25-428F-BA97-78ECAC8464BB}.Release|x86.Build.0 = Release|Any CPU
		{58E3CCF0-5A55-459D-9F0E-399F07B2EA1F}.Debug|Any CPU.ActiveCfg = Debug|Any CPU
		{58E3CCF0-5A55-459D-9F0E-399F07B2EA1F}.Debug|Any CPU.Build.0 = Debug|Any CPU
		{58E3CCF0-5A55-459D-9F0E-399F07B2EA1F}.Debug|x64.ActiveCfg = Debug|Any CPU
		{58E3CCF0-5A55-459D-9F0E-399F07B2EA1F}.Debug|x64.Build.0 = Debug|Any CPU
		{58E3CCF0-5A55-459D-9F0E-399F07B2EA1F}.Debug|x86.ActiveCfg = Debug|Any CPU
		{58E3CCF0-5A55-459D-9F0E-399F07B2EA1F}.Debug|x86.Build.0 = Debug|Any CPU
		{58E3CCF0-5A55-459D-9F0E-399F07B2EA1F}.Release|Any CPU.ActiveCfg = Release|Any CPU
		{58E3CCF0-5A55-459D-9F0E-399F07B2EA1F}.Release|Any CPU.Build.0 = Release|Any CPU
		{58E3CCF0-5A55-459D-9F0E-399F07B2EA1F}.Release|x64.ActiveCfg = Release|Any CPU
		{58E3CCF0-5A55-459D-9F0E-399F07B2EA1F}.Release|x64.Build.0 = Release|Any CPU
		{58E3CCF0-5A55-459D-9F0E-399F07B2EA1F}.Release|x86.ActiveCfg = Release|Any CPU
		{58E3CCF0-5A55-459D-9F0E-399F07B2EA1F}.Release|x86.Build.0 = Release|Any CPU
		{61200B47-BC1D-4D0B-8C02-FF1AF23A0A4E}.Debug|Any CPU.ActiveCfg = Debug|Any CPU
		{61200B47-BC1D-4D0B-8C02-FF1AF23A0A4E}.Debug|Any CPU.Build.0 = Debug|Any CPU
		{61200B47-BC1D-4D0B-8C02-FF1AF23A0A4E}.Debug|x64.ActiveCfg = Debug|Any CPU
		{61200B47-BC1D-4D0B-8C02-FF1AF23A0A4E}.Debug|x64.Build.0 = Debug|Any CPU
		{61200B47-BC1D-4D0B-8C02-FF1AF23A0A4E}.Debug|x86.ActiveCfg = Debug|Any CPU
		{61200B47-BC1D-4D0B-8C02-FF1AF23A0A4E}.Debug|x86.Build.0 = Debug|Any CPU
		{61200B47-BC1D-4D0B-8C02-FF1AF23A0A4E}.Release|Any CPU.ActiveCfg = Release|Any CPU
		{61200B47-BC1D-4D0B-8C02-FF1AF23A0A4E}.Release|Any CPU.Build.0 = Release|Any CPU
		{61200B47-BC1D-4D0B-8C02-FF1AF23A0A4E}.Release|x64.ActiveCfg = Release|Any CPU
		{61200B47-BC1D-4D0B-8C02-FF1AF23A0A4E}.Release|x64.Build.0 = Release|Any CPU
		{61200B47-BC1D-4D0B-8C02-FF1AF23A0A4E}.Release|x86.ActiveCfg = Release|Any CPU
		{61200B47-BC1D-4D0B-8C02-FF1AF23A0A4E}.Release|x86.Build.0 = Release|Any CPU
		{96E0DA3C-84F5-491F-BA7A-8A5D904525DB}.Debug|Any CPU.ActiveCfg = Debug|Any CPU
		{96E0DA3C-84F5-491F-BA7A-8A5D904525DB}.Debug|Any CPU.Build.0 = Debug|Any CPU
		{96E0DA3C-84F5-491F-BA7A-8A5D904525DB}.Debug|x64.ActiveCfg = Debug|Any CPU
		{96E0DA3C-84F5-491F-BA7A-8A5D904525DB}.Debug|x64.Build.0 = Debug|Any CPU
		{96E0DA3C-84F5-491F-BA7A-8A5D904525DB}.Debug|x86.ActiveCfg = Debug|Any CPU
		{96E0DA3C-84F5-491F-BA7A-8A5D904525DB}.Debug|x86.Build.0 = Debug|Any CPU
		{96E0DA3C-84F5-491F-BA7A-8A5D904525DB}.Release|Any CPU.ActiveCfg = Release|Any CPU
		{96E0DA3C-84F5-491F-BA7A-8A5D904525DB}.Release|Any CPU.Build.0 = Release|Any CPU
		{96E0DA3C-84F5-491F-BA7A-8A5D904525DB}.Release|x64.ActiveCfg = Release|Any CPU
		{96E0DA3C-84F5-491F-BA7A-8A5D904525DB}.Release|x64.Build.0 = Release|Any CPU
		{96E0DA3C-84F5-491F-BA7A-8A5D904525DB}.Release|x86.ActiveCfg = Release|Any CPU
		{96E0DA3C-84F5-491F-BA7A-8A5D904525DB}.Release|x86.Build.0 = Release|Any CPU
		{8D22210D-534A-467A-8BBB-C2F7699A9390}.Debug|Any CPU.ActiveCfg = Debug|Any CPU
		{8D22210D-534A-467A-8BBB-C2F7699A9390}.Debug|Any CPU.Build.0 = Debug|Any CPU
		{8D22210D-534A-467A-8BBB-C2F7699A9390}.Debug|x64.ActiveCfg = Debug|Any CPU
		{8D22210D-534A-467A-8BBB-C2F7699A9390}.Debug|x64.Build.0 = Debug|Any CPU
		{8D22210D-534A-467A-8BBB-C2F7699A9390}.Debug|x86.ActiveCfg = Debug|Any CPU
		{8D22210D-534A-467A-8BBB-C2F7699A9390}.Debug|x86.Build.0 = Debug|Any CPU
		{8D22210D-534A-467A-8BBB-C2F7699A9390}.Release|Any CPU.ActiveCfg = Release|Any CPU
		{8D22210D-534A-467A-8BBB-C2F7699A9390}.Release|Any CPU.Build.0 = Release|Any CPU
		{8D22210D-534A-467A-8BBB-C2F7699A9390}.Release|x64.ActiveCfg = Release|Any CPU
		{8D22210D-534A-467A-8BBB-C2F7699A9390}.Release|x64.Build.0 = Release|Any CPU
		{8D22210D-534A-467A-8BBB-C2F7699A9390}.Release|x86.ActiveCfg = Release|Any CPU
		{8D22210D-534A-467A-8BBB-C2F7699A9390}.Release|x86.Build.0 = Release|Any CPU
		{956155D5-9B3E-4347-95D5-67BEA35EC073}.Debug|Any CPU.ActiveCfg = Debug|Any CPU
		{956155D5-9B3E-4347-95D5-67BEA35EC073}.Debug|Any CPU.Build.0 = Debug|Any CPU
		{956155D5-9B3E-4347-95D5-67BEA35EC073}.Debug|x64.ActiveCfg = Debug|Any CPU
		{956155D5-9B3E-4347-95D5-67BEA35EC073}.Debug|x64.Build.0 = Debug|Any CPU
		{956155D5-9B3E-4347-95D5-67BEA35EC073}.Debug|x86.ActiveCfg = Debug|Any CPU
		{956155D5-9B3E-4347-95D5-67BEA35EC073}.Debug|x86.Build.0 = Debug|Any CPU
		{956155D5-9B3E-4347-95D5-67BEA35EC073}.Release|Any CPU.ActiveCfg = Release|Any CPU
		{956155D5-9B3E-4347-95D5-67BEA35EC073}.Release|Any CPU.Build.0 = Release|Any CPU
		{956155D5-9B3E-4347-95D5-67BEA35EC073}.Release|x64.ActiveCfg = Release|Any CPU
		{956155D5-9B3E-4347-95D5-67BEA35EC073}.Release|x64.Build.0 = Release|Any CPU
		{956155D5-9B3E-4347-95D5-67BEA35EC073}.Release|x86.ActiveCfg = Release|Any CPU
		{956155D5-9B3E-4347-95D5-67BEA35EC073}.Release|x86.Build.0 = Release|Any CPU
		{36C4FE8C-ED07-464C-933D-B64B8F32634B}.Debug|Any CPU.ActiveCfg = Debug|Any CPU
		{36C4FE8C-ED07-464C-933D-B64B8F32634B}.Debug|Any CPU.Build.0 = Debug|Any CPU
		{36C4FE8C-ED07-464C-933D-B64B8F32634B}.Debug|x64.ActiveCfg = Debug|Any CPU
		{36C4FE8C-ED07-464C-933D-B64B8F32634B}.Debug|x64.Build.0 = Debug|Any CPU
		{36C4FE8C-ED07-464C-933D-B64B8F32634B}.Debug|x86.ActiveCfg = Debug|Any CPU
		{36C4FE8C-ED07-464C-933D-B64B8F32634B}.Debug|x86.Build.0 = Debug|Any CPU
		{36C4FE8C-ED07-464C-933D-B64B8F32634B}.Release|Any CPU.ActiveCfg = Release|Any CPU
		{36C4FE8C-ED07-464C-933D-B64B8F32634B}.Release|Any CPU.Build.0 = Release|Any CPU
		{36C4FE8C-ED07-464C-933D-B64B8F32634B}.Release|x64.ActiveCfg = Release|Any CPU
		{36C4FE8C-ED07-464C-933D-B64B8F32634B}.Release|x64.Build.0 = Release|Any CPU
		{36C4FE8C-ED07-464C-933D-B64B8F32634B}.Release|x86.ActiveCfg = Release|Any CPU
		{36C4FE8C-ED07-464C-933D-B64B8F32634B}.Release|x86.Build.0 = Release|Any CPU
	EndGlobalSection
	GlobalSection(SolutionProperties) = preSolution
		HideSolutionNode = FALSE
	EndGlobalSection
	GlobalSection(ExtensibilityGlobals) = postSolution
		SolutionGuid = {D637A3DD-04A7-4C4C-B865-B2A13366E951}
	EndGlobalSection
EndGlobal
